{
  "name": "Recycle",
  "lockfileVersion": 3,
  "requires": true,
  "packages": {
    "": {
      "dependencies": {
        "tdesign-miniprogram": "^1.1.15"
      }
    },
    "node_modules/dayjs": {
      "version": "1.11.9",
      "resolved": "https://registry.npmmirror.com/dayjs/-/dayjs-1.11.9.tgz",
      "integrity": "sha512-QvzAURSbQ0pKdIye2txOzNaHmxtUBXerpY0FJsFXUMKbIZeFm5ht1LS/jFsrncjnmtv8HsG0W2g6c0zUjZWmpA=="
    },
    "node_modules/tdesign-miniprogram": {
      "version": "1.1.15",
      "resolved": "https://registry.npmmirror.com/tdesign-miniprogram/-/tdesign-miniprogram-1.1.15.tgz",
      "integrity": "sha512-dFGA5fQnObN6bjer3CIcRhNOsjz9VwV2oBC+EEz2bFMYMQQZ0A754TWQzHr/UkW/q+qEMakfxGxlKTa19YSwzw==",
      "dependencies": {
        "dayjs": "^1.10.7"
      }
    }
  }
}
